{
  "lockfile_version": "1",
  "packages": {
    "dart-sass": {
      "resolved": "github:NixOS/nixpkgs/16c7794d0a28b5a37904d55bcca36003b9109aaa?narHash=sha256-fFUnEYMla8b7UKjijLnMe%2BoVFOz6HjijGGNS1l7dYaQ%3D#dart-sass",
      "source": "nixpkg"
    },
    "github:NixOS/nixpkgs/nixpkgs-unstable": {
      "last_modified": "2026-01-02T14:39:32Z",
      "resolved": "github:NixOS/nixpkgs/16c7794d0a28b5a37904d55bcca36003b9109aaa?lastModified=1767364772&narHash=sha256-fFUnEYMla8b7UKjijLnMe%2BoVFOz6HjijGGNS1l7dYaQ%3D"
    },
    "go": {
      "resolved": "github:NixOS/nixpkgs/16c7794d0a28b5a37904d55bcca36003b9109aaa?narHash=sha256-fFUnEYMla8b7UKjijLnMe%2BoVFOz6HjijGGNS1l7dYaQ%3D#go",
      "source": "nixpkg"
    },
    "hugo": {
      "resolved": "github:NixOS/nixpkgs/16c7794d0a28b5a37904d55bcca36003b9109aaa?narHash=sha256-fFUnEYMla8b7UKjijLnMe%2BoVFOz6HjijGGNS1l7dYaQ%3D#hugo",
      "source": "nixpkg"
    }
  }
}
